
Microsoft Visual Studio Solution File, Format Version 12.00
# Visual Studio Version 17
VisualStudioVersion = 17.10.35122.118
MinimumVisualStudioVersion = 10.0.40219.1
Project("{9A19103F-16F7-4668-BE54-9A1E7A4F7556}") = "MeetingMinutesApp", "MeetingMinutesApp.csproj", "{41787B8B-E7D8-4A51-B27B-BFCAA8B8B628}"
EndProject
Project("{E24C65DC-7377-472B-9ABA-BC803B73C61A}") = "meetingminutesui", "meetingminutesui\", "{7B22A545-F12A-4021-9766-66BB91B81340}"
	ProjectSection(WebsiteProperties) = preProject
		TargetFrameworkMoniker = ".NETFramework,Version%3Dv4.8.1"
		Debug.AspNetCompiler.VirtualPath = "/localhost_60685"
		Debug.AspNetCompiler.PhysicalPath = "meetingminutesui\"
		Debug.AspNetCompiler.TargetPath = "PrecompiledWeb\localhost_60685\"
		Debug.AspNetCompiler.Updateable = "true"
		Debug.AspNetCompiler.ForceOverwrite = "true"
		Debug.AspNetCompiler.FixedNames = "false"
		Debug.AspNetCompiler.Debug = "True"
		Release.AspNetCompiler.VirtualPath = "/localhost_60685"
		Release.AspNetCompiler.PhysicalPath = "meetingminutesui\"
		Release.AspNetCompiler.TargetPath = "PrecompiledWeb\localhost_60685\"
		Release.AspNetCompiler.Updateable = "true"
		Release.AspNetCompiler.ForceOverwrite = "true"
		Release.AspNetCompiler.FixedNames = "false"
		Release.AspNetCompiler.Debug = "False"
		VWDPort = "60685"
		SlnRelativePath = "meetingminutesui\"
	EndProjectSection
EndProject
Project("{FAE04EC0-301F-11D3-BF4B-00C04F79EFBC}") = "MeetingMinutesAppTests", "..\MeetingMinutesAppTests\MeetingMinutesAppTests.csproj", "{C55C8DB2-B58E-4D48-927D-458B792760AB}"
EndProject
Global
	GlobalSection(SolutionConfigurationPlatforms) = preSolution
		Debug|Any CPU = Debug|Any CPU
		Release|Any CPU = Release|Any CPU
	EndGlobalSection
	GlobalSection(ProjectConfigurationPlatforms) = postSolution
		{41787B8B-E7D8-4A51-B27B-BFCAA8B8B628}.Debug|Any CPU.ActiveCfg = Debug|Any CPU
		{41787B8B-E7D8-4A51-B27B-BFCAA8B8B628}.Debug|Any CPU.Build.0 = Debug|Any CPU
		{41787B8B-E7D8-4A51-B27B-BFCAA8B8B628}.Release|Any CPU.ActiveCfg = Release|Any CPU
		{41787B8B-E7D8-4A51-B27B-BFCAA8B8B628}.Release|Any CPU.Build.0 = Release|Any CPU
		{7B22A545-F12A-4021-9766-66BB91B81340}.Debug|Any CPU.ActiveCfg = Debug|Any CPU
		{7B22A545-F12A-4021-9766-66BB91B81340}.Debug|Any CPU.Build.0 = Debug|Any CPU
		{7B22A545-F12A-4021-9766-66BB91B81340}.Release|Any CPU.ActiveCfg = Debug|Any CPU
		{7B22A545-F12A-4021-9766-66BB91B81340}.Release|Any CPU.Build.0 = Debug|Any CPU
		{C55C8DB2-B58E-4D48-927D-458B792760AB}.Debug|Any CPU.ActiveCfg = Debug|Any CPU
		{C55C8DB2-B58E-4D48-927D-458B792760AB}.Debug|Any CPU.Build.0 = Debug|Any CPU
		{C55C8DB2-B58E-4D48-927D-458B792760AB}.Release|Any CPU.ActiveCfg = Release|Any CPU
		{C55C8DB2-B58E-4D48-927D-458B792760AB}.Release|Any CPU.Build.0 = Release|Any CPU
	EndGlobalSection
	GlobalSection(SolutionProperties) = preSolution
		HideSolutionNode = FALSE
	EndGlobalSection
	GlobalSection(ExtensibilityGlobals) = postSolution
		SolutionGuid = {7CD4DDDA-23E0-4519-9F37-34181F962376}
	EndGlobalSection
EndGlobal
